
Microsoft Visual Studio Solution File, Format Version 12.00
# Visual Studio Version 17
VisualStudioVersion = 17.9.34728.123
MinimumVisualStudioVersion = 10.0.40219.1
Project("{9A19103F-16F7-4668-BE54-9A1E7A4F7556}") = "UserProvider", "UserProvider\UserProvider.csproj", "{23EDD08B-0B9D-48D8-9433-5433921A7BA9}"
EndProject
Project("{9A19103F-16F7-4668-BE54-9A1E7A4F7556}") = "Data", "Data\Data.csproj", "{E87A445D-0EF1-46C1-985C-9F58F144C070}"
EndProject
Global
	GlobalSection(SolutionConfigurationPlatforms) = preSolution
		Debug|Any CPU = Debug|Any CPU
		Release|Any CPU = Release|Any CPU
	EndGlobalSection
	GlobalSection(ProjectConfigurationPlatforms) = postSolution
		{23EDD08B-0B9D-48D8-9433-5433921A7BA9}.Debug|Any CPU.ActiveCfg = Debug|Any CPU
		{23EDD08B-0B9D-48D8-9433-5433921A7BA9}.Debug|Any CPU.Build.0 = Debug|Any CPU
		{23EDD08B-0B9D-48D8-9433-5433921A7BA9}.Release|Any CPU.ActiveCfg = Release|Any CPU
		{23EDD08B-0B9D-48D8-9433-5433921A7BA9}.Release|Any CPU.Build.0 = Release|Any CPU
		{E87A445D-0EF1-46C1-985C-9F58F144C070}.Debug|Any CPU.ActiveCfg = Debug|Any CPU
		{E87A445D-0EF1-46C1-985C-9F58F144C070}.Debug|Any CPU.Build.0 = Debug|Any CPU
		{E87A445D-0EF1-46C1-985C-9F58F144C070}.Release|Any CPU.ActiveCfg = Release|Any CPU
		{E87A445D-0EF1-46C1-985C-9F58F144C070}.Release|Any CPU.Build.0 = Release|Any CPU
	EndGlobalSection
	GlobalSection(SolutionProperties) = preSolution
		HideSolutionNode = FALSE
	EndGlobalSection
	GlobalSection(ExtensibilityGlobals) = postSolution
		SolutionGuid = {29C41B76-66A2-44C2-A541-0C425D9085ED}
	EndGlobalSection
EndGlobal
